// !$*UTF8*$!
{
	archiveVersion = 1;
	classes = {
	};
	objectVersion = 56;
	objects = {

/* Begin PBXBuildFile section */
		330835AD2C675834002407BD /* 680. Valid Palindrome II.swift in Sources */ = {isa = PBXBuildFile; fileRef = 330835AC2C675834002407BD /* 680. Valid Palindrome II.swift */; };
		3342BC2A2C5DF89000EE7F5B /* 35. Search Insert Position Repeat.swift in Sources */ = {isa = PBXBuildFile; fileRef = 3342BC292C5DF89000EE7F5B /* 35. Search Insert Position Repeat.swift */; };
		3342BC322C60E30800EE7F5B /* 49. Group Anagrams Repeat.swift in Sources */ = {isa = PBXBuildFile; fileRef = 3342BC312C60E30800EE7F5B /* 49. Group Anagrams Repeat.swift */; };
		3342BC342C631A1B00EE7F5B /* 125. Valid Palindrome.swift in Sources */ = {isa = PBXBuildFile; fileRef = 3342BC332C631A1B00EE7F5B /* 125. Valid Palindrome.swift */; };
		3346E9712C4A13BC00FA6539 /* 238. Product of Array Except Self Repeat.swift in Sources */ = {isa = PBXBuildFile; fileRef = 3346E9702C4A13BC00FA6539 /* 238. Product of Array Except Self Repeat.swift */; };
		3346E9742C4A6CEE00FA6539 /* 128. Longest Consecutive Sequence Repeat.swift in Sources */ = {isa = PBXBuildFile; fileRef = 3346E9732C4A6CEE00FA6539 /* 128. Longest Consecutive Sequence Repeat.swift */; };
		33916B722C19420000614728 /* 347. Top K Frequent Elements.swift in Sources */ = {isa = PBXBuildFile; fileRef = 33916B712C19420000614728 /* 347. Top K Frequent Elements.swift */; };
		339525452C4BC30F00D36650 /* 167. Two Sum II - Input Array Is Sorted Repeat.swift in Sources */ = {isa = PBXBuildFile; fileRef = 339525442C4BC30F00D36650 /* 167. Two Sum II - Input Array Is Sorted Repeat.swift */; };
		339525472C4CDDBB00D36650 /* 16. 3Sum Closest Repeat.swift in Sources */ = {isa = PBXBuildFile; fileRef = 339525462C4CDDBB00D36650 /* 16. 3Sum Closest Repeat.swift */; };
		339F82F02C80151900BF6196 /* 155. Min Stack.swift in Sources */ = {isa = PBXBuildFile; fileRef = 339F82EF2C80151900BF6196 /* 155. Min Stack.swift */; };
		33A3CC5A2C1BE43F00FCB4FA /* 238. Product of Array Except Self.swift in Sources */ = {isa = PBXBuildFile; fileRef = 33A3CC592C1BE43F00FCB4FA /* 238. Product of Array Except Self.swift */; };
		33A3CC5F2C1EECF500FCB4FA /* 128. Longest Consecutive Sequence.swift in Sources */ = {isa = PBXBuildFile; fileRef = 33A3CC5E2C1EECF500FCB4FA /* 128. Longest Consecutive Sequence.swift */; };
		33AF7FDC2C758EC200B74CAA /* 15. 3Sum Repeat.swift in Sources */ = {isa = PBXBuildFile; fileRef = 33AF7FDB2C758EC200B74CAA /* 15. 3Sum Repeat.swift */; };
		33BC53532C8A94660020809D /* 17. Letter Combinations of a Phone Number.swift in Sources */ = {isa = PBXBuildFile; fileRef = 33BC53522C8A94660020809D /* 17. Letter Combinations of a Phone Number.swift */; };
		33D8444C2C830EE60057CA85 /* 22. Generate Parentheses.swift in Sources */ = {isa = PBXBuildFile; fileRef = 33D8444B2C830EE60057CA85 /* 22. Generate Parentheses.swift */; };
		33EAEC272C7ED41300474220 /* 20. Valid Parentheses.swift in Sources */ = {isa = PBXBuildFile; fileRef = 33EAEC262C7ED41300474220 /* 20. Valid Parentheses.swift */; };
		6A0945032BAC270D00C12EC0 /* 15. 3Sum.swift in Sources */ = {isa = PBXBuildFile; fileRef = 6A0945022BAC270D00C12EC0 /* 15. 3Sum.swift */; };
		6A0945052BAC2F9600C12EC0 /* 167. Two Sum II - Input Array Is Sorted.swift in Sources */ = {isa = PBXBuildFile; fileRef = 6A0945042BAC2F9600C12EC0 /* 167. Two Sum II - Input Array Is Sorted.swift */; };
		6A0945092BACAD2E00C12EC0 /* 16. 3Sum Closest.swift in Sources */ = {isa = PBXBuildFile; fileRef = 6A0945082BACAD2E00C12EC0 /* 16. 3Sum Closest.swift */; };
		6A09450D2BAD819D00C12EC0 /* 259. 3Sum Smaller.swift in Sources */ = {isa = PBXBuildFile; fileRef = 6A09450C2BAD819D00C12EC0 /* 259. 3Sum Smaller.swift */; };
		6A09450F2BB040DF00C12EC0 /* 287. Find the Duplicate Number.swift in Sources */ = {isa = PBXBuildFile; fileRef = 6A09450E2BB040DF00C12EC0 /* 287. Find the Duplicate Number.swift */; };
		6A300E452BB3BEA00027F6A8 /* 713. Subarray Product Less Than K.swift in Sources */ = {isa = PBXBuildFile; fileRef = 6A300E442BB3BEA00027F6A8 /* 713. Subarray Product Less Than K.swift */; };
		6A3ADF7F2BA18C2500AB081A /* 2485. Find the Pivot Integer.swift in Sources */ = {isa = PBXBuildFile; fileRef = 6A3ADF7E2BA18C2500AB081A /* 2485. Find the Pivot Integer.swift */; };
		6A3ED4582BC69F7700F39DEC /* 162. Find Peak Element.swift in Sources */ = {isa = PBXBuildFile; fileRef = 6A3ED4572BC69F7700F39DEC /* 162. Find Peak Element.swift */; };
		6A48EBD82BE2BBF4004E9026 /* 367. Valid Perfect Square.swift in Sources */ = {isa = PBXBuildFile; fileRef = 6A48EBD72BE2BBF4004E9026 /* 367. Valid Perfect Square.swift */; };
		6A4D8CAE2B9C48240009B0B6 /* TwoSum.swift in Sources */ = {isa = PBXBuildFile; fileRef = 6A4D8CAD2B9C48240009B0B6 /* TwoSum.swift */; };
		6A4D8CB02B9DB27A0009B0B6 /* 2540. Minimum Common Value.swift in Sources */ = {isa = PBXBuildFile; fileRef = 6A4D8CAF2B9DB27A0009B0B6 /* 2540. Minimum Common Value.swift */; };
		6A4D8CB22B9DBC230009B0B6 /* 349. Intersection of Two Arrays.swift in Sources */ = {isa = PBXBuildFile; fileRef = 6A4D8CB12B9DBC230009B0B6 /* 349. Intersection of Two Arrays.swift */; };
		6A4D8CB42B9DCC250009B0B6 /* 35. Search Insert Position.swift in Sources */ = {isa = PBXBuildFile; fileRef = 6A4D8CB32B9DCC250009B0B6 /* 35. Search Insert Position.swift */; };
		6A4D8CB72B9DDA540009B0B6 /* 704. Binary Search.swift in Sources */ = {isa = PBXBuildFile; fileRef = 6A4D8CB62B9DDA540009B0B6 /* 704. Binary Search.swift */; };
		6A53DF302BBE4D000002D782 /* 1060. Missing Element in Sorted Array.swift in Sources */ = {isa = PBXBuildFile; fileRef = 6A53DF2F2BBE4D000002D782 /* 1060. Missing Element in Sorted Array.swift */; };
		6A5AEB922BCCD092009A7181 /* 658. Find K Closest Elements.swift in Sources */ = {isa = PBXBuildFile; fileRef = 6A5AEB912BCCD092009A7181 /* 658. Find K Closest Elements.swift */; };
		6A65A2842BE7DA6900EAC365 /* 217. Contains Duplicate.swift in Sources */ = {isa = PBXBuildFile; fileRef = 6A65A2832BE7DA6900EAC365 /* 217. Contains Duplicate.swift */; };
		6A9029262BC284D100912B4B /* 69. Sqrt(x).swift in Sources */ = {isa = PBXBuildFile; fileRef = 6A9029252BC284D100912B4B /* 69. Sqrt(x).swift */; };
		6A9029282BC29A1E00912B4B /* 33. Search in Rotated Sorted Array.swift in Sources */ = {isa = PBXBuildFile; fileRef = 6A9029272BC29A1E00912B4B /* 33. Search in Rotated Sorted Array.swift */; };
		6A90292A2BC29A6100912B4B /* 374. Guess Number Higher or Lower.swift in Sources */ = {isa = PBXBuildFile; fileRef = 6A9029292BC29A6100912B4B /* 374. Guess Number Higher or Lower.swift */; };
		6A96C58E2BE3B66D0033DA41 /* 744. Find Smallest Letter Greater Than Target.swift in Sources */ = {isa = PBXBuildFile; fileRef = 6A96C58D2BE3B66D0033DA41 /* 744. Find Smallest Letter Greater Than Target.swift */; };
		6AB5CCCA2BD00AC50069FDD6 /* 702. Search in a Sorted Array of Unknown Size.swift in Sources */ = {isa = PBXBuildFile; fileRef = 6AB5CCC92BD00AC50069FDD6 /* 702. Search in a Sorted Array of Unknown Size.swift */; };
		6AB5CCCC2BD0BD0E0069FDD6 /* 50. Pow(x, n).swift in Sources */ = {isa = PBXBuildFile; fileRef = 6AB5CCCB2BD0BD0E0069FDD6 /* 50. Pow(x, n).swift */; };
		6AB7AC492BB97B8B008E8A90 /* 350. Intersection of Two Arrays II.swift in Sources */ = {isa = PBXBuildFile; fileRef = 6AB7AC482BB97B8B008E8A90 /* 350. Intersection of Two Arrays II.swift */; };
		6ACCF4A02BB2FC0900FD2CEA /* 41. First Missing Positive.swift in Sources */ = {isa = PBXBuildFile; fileRef = 6ACCF49F2BB2FC0900FD2CEA /* 41. First Missing Positive.swift */; };
		6ACD06552BCA6DD900C557DB /* 153. Find Minimum in Rotated Sorted Array.swift in Sources */ = {isa = PBXBuildFile; fileRef = 6ACD06542BCA6DD900C557DB /* 153. Find Minimum in Rotated Sorted Array.swift */; };
		6AEE72AE2BBBBAE400C497F4 /* 278. First Bad Version .swift in Sources */ = {isa = PBXBuildFile; fileRef = 6AEE72AD2BBBBAE400C497F4 /* 278. First Bad Version .swift */; };
		6AF3C37E2AF3BD29006B547B /* main.swift in Sources */ = {isa = PBXBuildFile; fileRef = 6AF3C37D2AF3BD29006B547B /* main.swift */; };
		6AFCBB1C2BBC4D95004AC7AA /* 34. Find First and Last Position of Element in Sorted Array.swift in Sources */ = {isa = PBXBuildFile; fileRef = 6AFCBB1B2BBC4D95004AC7AA /* 34. Find First and Last Position of Element in Sorted Array.swift */; };
		6AFCBB1E2BBD9C26004AC7AA /* 852. Peak Index in a Mountain Array.swift in Sources */ = {isa = PBXBuildFile; fileRef = 6AFCBB1D2BBD9C26004AC7AA /* 852. Peak Index in a Mountain Array.swift */; };
		6AFF727D2BEA6DC200320B51 /* 242. Valid Anagram.swift in Sources */ = {isa = PBXBuildFile; fileRef = 6AFF727C2BEA6DC200320B51 /* 242. Valid Anagram.swift */; };
		6AFF72812BEA872D00320B51 /* 49. Group Anagrams.swift in Sources */ = {isa = PBXBuildFile; fileRef = 6AFF72802BEA872D00320B51 /* 49. Group Anagrams.swift */; };
/* End PBXBuildFile section */

/* Begin PBXCopyFilesBuildPhase section */
		6AF3C3782AF3BD29006B547B /* CopyFiles */ = {
			isa = PBXCopyFilesBuildPhase;
			buildActionMask = 2147483647;
			dstPath = /usr/share/man/man1/;
			dstSubfolderSpec = 0;
			files = (
			);
			runOnlyForDeploymentPostprocessing = 1;
		};
/* End PBXCopyFilesBuildPhase section */

/* Begin PBXFileReference section */
		330835AC2C675834002407BD /* 680. Valid Palindrome II.swift */ = {isa = PBXFileReference; lastKnownFileType = sourcecode.swift; path = "680. Valid Palindrome II.swift"; sourceTree = "<group>"; };
		3342BC292C5DF89000EE7F5B /* 35. Search Insert Position Repeat.swift */ = {isa = PBXFileReference; lastKnownFileType = sourcecode.swift; path = "35. Search Insert Position Repeat.swift"; sourceTree = "<group>"; };
		3342BC312C60E30800EE7F5B /* 49. Group Anagrams Repeat.swift */ = {isa = PBXFileReference; lastKnownFileType = sourcecode.swift; path = "49. Group Anagrams Repeat.swift"; sourceTree = "<group>"; };
		3342BC332C631A1B00EE7F5B /* 125. Valid Palindrome.swift */ = {isa = PBXFileReference; lastKnownFileType = sourcecode.swift; path = "125. Valid Palindrome.swift"; sourceTree = "<group>"; };
		3346E9702C4A13BC00FA6539 /* 238. Product of Array Except Self Repeat.swift */ = {isa = PBXFileReference; lastKnownFileType = sourcecode.swift; path = "238. Product of Array Except Self Repeat.swift"; sourceTree = "<group>"; };
		3346E9732C4A6CEE00FA6539 /* 128. Longest Consecutive Sequence Repeat.swift */ = {isa = PBXFileReference; lastKnownFileType = sourcecode.swift; path = "128. Longest Consecutive Sequence Repeat.swift"; sourceTree = "<group>"; };
		33916B712C19420000614728 /* 347. Top K Frequent Elements.swift */ = {isa = PBXFileReference; lastKnownFileType = sourcecode.swift; path = "347. Top K Frequent Elements.swift"; sourceTree = "<group>"; };
		339525442C4BC30F00D36650 /* 167. Two Sum II - Input Array Is Sorted Repeat.swift */ = {isa = PBXFileReference; lastKnownFileType = sourcecode.swift; path = "167. Two Sum II - Input Array Is Sorted Repeat.swift"; sourceTree = "<group>"; };
		339525462C4CDDBB00D36650 /* 16. 3Sum Closest Repeat.swift */ = {isa = PBXFileReference; lastKnownFileType = sourcecode.swift; path = "16. 3Sum Closest Repeat.swift"; sourceTree = "<group>"; };
		339F82EF2C80151900BF6196 /* 155. Min Stack.swift */ = {isa = PBXFileReference; lastKnownFileType = sourcecode.swift; path = "155. Min Stack.swift"; sourceTree = "<group>"; };
		33A3CC592C1BE43F00FCB4FA /* 238. Product of Array Except Self.swift */ = {isa = PBXFileReference; lastKnownFileType = sourcecode.swift; path = "238. Product of Array Except Self.swift"; sourceTree = "<group>"; };
		33A3CC5E2C1EECF500FCB4FA /* 128. Longest Consecutive Sequence.swift */ = {isa = PBXFileReference; lastKnownFileType = sourcecode.swift; path = "128. Longest Consecutive Sequence.swift"; sourceTree = "<group>"; };
		33AF7FDB2C758EC200B74CAA /* 15. 3Sum Repeat.swift */ = {isa = PBXFileReference; lastKnownFileType = sourcecode.swift; path = "15. 3Sum Repeat.swift"; sourceTree = "<group>"; };
		33BC53522C8A94660020809D /* 17. Letter Combinations of a Phone Number.swift */ = {isa = PBXFileReference; lastKnownFileType = sourcecode.swift; path = "17. Letter Combinations of a Phone Number.swift"; sourceTree = "<group>"; };
		33D8444B2C830EE60057CA85 /* 22. Generate Parentheses.swift */ = {isa = PBXFileReference; lastKnownFileType = sourcecode.swift; path = "22. Generate Parentheses.swift"; sourceTree = "<group>"; };
		33EAEC262C7ED41300474220 /* 20. Valid Parentheses.swift */ = {isa = PBXFileReference; lastKnownFileType = sourcecode.swift; path = "20. Valid Parentheses.swift"; sourceTree = "<group>"; };
		6A0945022BAC270D00C12EC0 /* 15. 3Sum.swift */ = {isa = PBXFileReference; lastKnownFileType = sourcecode.swift; path = "15. 3Sum.swift"; sourceTree = "<group>"; };
		6A0945042BAC2F9600C12EC0 /* 167. Two Sum II - Input Array Is Sorted.swift */ = {isa = PBXFileReference; lastKnownFileType = sourcecode.swift; path = "167. Two Sum II - Input Array Is Sorted.swift"; sourceTree = "<group>"; };
		6A0945082BACAD2E00C12EC0 /* 16. 3Sum Closest.swift */ = {isa = PBXFileReference; lastKnownFileType = sourcecode.swift; path = "16. 3Sum Closest.swift"; sourceTree = "<group>"; };
		6A09450C2BAD819D00C12EC0 /* 259. 3Sum Smaller.swift */ = {isa = PBXFileReference; lastKnownFileType = sourcecode.swift; path = "259. 3Sum Smaller.swift"; sourceTree = "<group>"; };
		6A09450E2BB040DF00C12EC0 /* 287. Find the Duplicate Number.swift */ = {isa = PBXFileReference; lastKnownFileType = sourcecode.swift; path = "287. Find the Duplicate Number.swift"; sourceTree = "<group>"; };
		6A300E442BB3BEA00027F6A8 /* 713. Subarray Product Less Than K.swift */ = {isa = PBXFileReference; lastKnownFileType = sourcecode.swift; path = "713. Subarray Product Less Than K.swift"; sourceTree = "<group>"; };
		6A3ADF7E2BA18C2500AB081A /* 2485. Find the Pivot Integer.swift */ = {isa = PBXFileReference; lastKnownFileType = sourcecode.swift; path = "2485. Find the Pivot Integer.swift"; sourceTree = "<group>"; };
		6A3ED4572BC69F7700F39DEC /* 162. Find Peak Element.swift */ = {isa = PBXFileReference; lastKnownFileType = sourcecode.swift; path = "162. Find Peak Element.swift"; sourceTree = "<group>"; };
		6A48EBD72BE2BBF4004E9026 /* 367. Valid Perfect Square.swift */ = {isa = PBXFileReference; lastKnownFileType = sourcecode.swift; path = "367. Valid Perfect Square.swift"; sourceTree = "<group>"; };
		6A4D8CAD2B9C48240009B0B6 /* TwoSum.swift */ = {isa = PBXFileReference; lastKnownFileType = sourcecode.swift; path = TwoSum.swift; sourceTree = "<group>"; };
		6A4D8CAF2B9DB27A0009B0B6 /* 2540. Minimum Common Value.swift */ = {isa = PBXFileReference; lastKnownFileType = sourcecode.swift; path = "2540. Minimum Common Value.swift"; sourceTree = "<group>"; };
		6A4D8CB12B9DBC230009B0B6 /* 349. Intersection of Two Arrays.swift */ = {isa = PBXFileReference; lastKnownFileType = sourcecode.swift; path = "349. Intersection of Two Arrays.swift"; sourceTree = "<group>"; };
		6A4D8CB32B9DCC250009B0B6 /* 35. Search Insert Position.swift */ = {isa = PBXFileReference; lastKnownFileType = sourcecode.swift; path = "35. Search Insert Position.swift"; sourceTree = "<group>"; };
		6A4D8CB62B9DDA540009B0B6 /* 704. Binary Search.swift */ = {isa = PBXFileReference; lastKnownFileType = sourcecode.swift; path = "704. Binary Search.swift"; sourceTree = "<group>"; };
		6A53DF2F2BBE4D000002D782 /* 1060. Missing Element in Sorted Array.swift */ = {isa = PBXFileReference; lastKnownFileType = sourcecode.swift; path = "1060. Missing Element in Sorted Array.swift"; sourceTree = "<group>"; };
		6A5AEB912BCCD092009A7181 /* 658. Find K Closest Elements.swift */ = {isa = PBXFileReference; lastKnownFileType = sourcecode.swift; path = "658. Find K Closest Elements.swift"; sourceTree = "<group>"; };
		6A65A2832BE7DA6900EAC365 /* 217. Contains Duplicate.swift */ = {isa = PBXFileReference; lastKnownFileType = sourcecode.swift; path = "217. Contains Duplicate.swift"; sourceTree = "<group>"; };
		6A9029252BC284D100912B4B /* 69. Sqrt(x).swift */ = {isa = PBXFileReference; lastKnownFileType = sourcecode.swift; path = "69. Sqrt(x).swift"; sourceTree = "<group>"; };
		6A9029272BC29A1E00912B4B /* 33. Search in Rotated Sorted Array.swift */ = {isa = PBXFileReference; lastKnownFileType = sourcecode.swift; path = "33. Search in Rotated Sorted Array.swift"; sourceTree = "<group>"; };
		6A9029292BC29A6100912B4B /* 374. Guess Number Higher or Lower.swift */ = {isa = PBXFileReference; lastKnownFileType = sourcecode.swift; path = "374. Guess Number Higher or Lower.swift"; sourceTree = "<group>"; };
		6A96C58D2BE3B66D0033DA41 /* 744. Find Smallest Letter Greater Than Target.swift */ = {isa = PBXFileReference; lastKnownFileType = sourcecode.swift; path = "744. Find Smallest Letter Greater Than Target.swift"; sourceTree = "<group>"; };
		6AB5CCC92BD00AC50069FDD6 /* 702. Search in a Sorted Array of Unknown Size.swift */ = {isa = PBXFileReference; lastKnownFileType = sourcecode.swift; path = "702. Search in a Sorted Array of Unknown Size.swift"; sourceTree = "<group>"; };
		6AB5CCCB2BD0BD0E0069FDD6 /* 50. Pow(x, n).swift */ = {isa = PBXFileReference; lastKnownFileType = sourcecode.swift; path = "50. Pow(x, n).swift"; sourceTree = "<group>"; };
		6AB7AC482BB97B8B008E8A90 /* 350. Intersection of Two Arrays II.swift */ = {isa = PBXFileReference; lastKnownFileType = sourcecode.swift; path = "350. Intersection of Two Arrays II.swift"; sourceTree = "<group>"; };
		6ACCF49F2BB2FC0900FD2CEA /* 41. First Missing Positive.swift */ = {isa = PBXFileReference; lastKnownFileType = sourcecode.swift; path = "41. First Missing Positive.swift"; sourceTree = "<group>"; };
		6ACD06542BCA6DD900C557DB /* 153. Find Minimum in Rotated Sorted Array.swift */ = {isa = PBXFileReference; lastKnownFileType = sourcecode.swift; path = "153. Find Minimum in Rotated Sorted Array.swift"; sourceTree = "<group>"; };
		6AEE72AD2BBBBAE400C497F4 /* 278. First Bad Version .swift */ = {isa = PBXFileReference; lastKnownFileType = sourcecode.swift; path = "278. First Bad Version .swift"; sourceTree = "<group>"; };
		6AF3C37A2AF3BD29006B547B /* LeetCode */ = {isa = PBXFileReference; explicitFileType = "compiled.mach-o.executable"; includeInIndex = 0; path = LeetCode; sourceTree = BUILT_PRODUCTS_DIR; };
		6AF3C37D2AF3BD29006B547B /* main.swift */ = {isa = PBXFileReference; lastKnownFileType = sourcecode.swift; path = main.swift; sourceTree = "<group>"; };
		6AFCBB1B2BBC4D95004AC7AA /* 34. Find First and Last Position of Element in Sorted Array.swift */ = {isa = PBXFileReference; lastKnownFileType = sourcecode.swift; path = "34. Find First and Last Position of Element in Sorted Array.swift"; sourceTree = "<group>"; };
		6AFCBB1D2BBD9C26004AC7AA /* 852. Peak Index in a Mountain Array.swift */ = {isa = PBXFileReference; lastKnownFileType = sourcecode.swift; path = "852. Peak Index in a Mountain Array.swift"; sourceTree = "<group>"; };
		6AFF727C2BEA6DC200320B51 /* 242. Valid Anagram.swift */ = {isa = PBXFileReference; lastKnownFileType = sourcecode.swift; path = "242. Valid Anagram.swift"; sourceTree = "<group>"; };
		6AFF72802BEA872D00320B51 /* 49. Group Anagrams.swift */ = {isa = PBXFileReference; lastKnownFileType = sourcecode.swift; path = "49. Group Anagrams.swift"; sourceTree = "<group>"; };
/* End PBXFileReference section */

/* Begin PBXFrameworksBuildPhase section */
		6AF3C3772AF3BD29006B547B /* Frameworks */ = {
			isa = PBXFrameworksBuildPhase;
			buildActionMask = 2147483647;
			files = (
			);
			runOnlyForDeploymentPostprocessing = 0;
		};
/* End PBXFrameworksBuildPhase section */

/* Begin PBXGroup section */
		330835AB2C67580E002407BD /* TwoPointer */ = {
			isa = PBXGroup;
			children = (
				3342BC332C631A1B00EE7F5B /* 125. Valid Palindrome.swift */,
				330835AC2C675834002407BD /* 680. Valid Palindrome II.swift */,
			);
			path = TwoPointer;
			sourceTree = "<group>";
		};
		3342BC282C5DF88300EE7F5B /* Easy */ = {
			isa = PBXGroup;
			children = (
				3342BC292C5DF89000EE7F5B /* 35. Search Insert Position Repeat.swift */,
			);
			path = Easy;
			sourceTree = "<group>";
		};
		3342BC2F2C60E2E800EE7F5B /* Medium */ = {
			isa = PBXGroup;
			children = (
				3342BC302C60E2F200EE7F5B /* HashMap */,
				3346E9722C4A6CD100FA6539 /* Array */,
			);
			path = Medium;
			sourceTree = "<group>";
		};
		3342BC302C60E2F200EE7F5B /* HashMap */ = {
			isa = PBXGroup;
			children = (
				3342BC312C60E30800EE7F5B /* 49. Group Anagrams Repeat.swift */,
			);
			path = HashMap;
			sourceTree = "<group>";
		};
		3346E96F2C4A138F00FA6539 /* Repeatition */ = {
			isa = PBXGroup;
			children = (
				3342BC2F2C60E2E800EE7F5B /* Medium */,
				3342BC282C5DF88300EE7F5B /* Easy */,
			);
			path = Repeatition;
			sourceTree = "<group>";
		};
		3346E9722C4A6CD100FA6539 /* Array */ = {
			isa = PBXGroup;
			children = (
				3346E9702C4A13BC00FA6539 /* 238. Product of Array Except Self Repeat.swift */,
				3346E9732C4A6CEE00FA6539 /* 128. Longest Consecutive Sequence Repeat.swift */,
				339525442C4BC30F00D36650 /* 167. Two Sum II - Input Array Is Sorted Repeat.swift */,
				339525462C4CDDBB00D36650 /* 16. 3Sum Closest Repeat.swift */,
				33AF7FDB2C758EC200B74CAA /* 15. 3Sum Repeat.swift */,
			);
			path = Array;
			sourceTree = "<group>";
		};
		339F82EE2C80151100BF6196 /* Stack */ = {
			isa = PBXGroup;
			children = (
				339F82EF2C80151900BF6196 /* 155. Min Stack.swift */,
				33D8444B2C830EE60057CA85 /* 22. Generate Parentheses.swift */,
			);
			path = Stack;
			sourceTree = "<group>";
		};
		33A3CC5D2C1EB3F500FCB4FA /* Array */ = {
			isa = PBXGroup;
			children = (
				33A3CC5E2C1EECF500FCB4FA /* 128. Longest Consecutive Sequence.swift */,
				33A3CC592C1BE43F00FCB4FA /* 238. Product of Array Except Self.swift */,
			);
			path = Array;
			sourceTree = "<group>";
		};
		33BC53512C8A94550020809D /* Backtracking */ = {
			isa = PBXGroup;
			children = (
				33BC53522C8A94660020809D /* 17. Letter Combinations of a Phone Number.swift */,
			);
			path = Backtracking;
			sourceTree = "<group>";
		};
		33EAEC252C7ED40D00474220 /* Stack */ = {
			isa = PBXGroup;
			children = (
				33EAEC262C7ED41300474220 /* 20. Valid Parentheses.swift */,
			);
			path = Stack;
			sourceTree = "<group>";
		};
		6A0945012BAC26F500C12EC0 /* Medium */ = {
			isa = PBXGroup;
			children = (
				33BC53512C8A94550020809D /* Backtracking */,
				339F82EE2C80151100BF6196 /* Stack */,
				33A3CC5D2C1EB3F500FCB4FA /* Array */,
				6AFF727F2BEA871A00320B51 /* HashMap */,
				6A0945022BAC270D00C12EC0 /* 15. 3Sum.swift */,
				6A0945042BAC2F9600C12EC0 /* 167. Two Sum II - Input Array Is Sorted.swift */,
				6A0945082BACAD2E00C12EC0 /* 16. 3Sum Closest.swift */,
				6A09450C2BAD819D00C12EC0 /* 259. 3Sum Smaller.swift */,
				6A09450E2BB040DF00C12EC0 /* 287. Find the Duplicate Number.swift */,
				6A300E442BB3BEA00027F6A8 /* 713. Subarray Product Less Than K.swift */,
				6AFCBB1B2BBC4D95004AC7AA /* 34. Find First and Last Position of Element in Sorted Array.swift */,
				6AFCBB1D2BBD9C26004AC7AA /* 852. Peak Index in a Mountain Array.swift */,
				6A53DF2F2BBE4D000002D782 /* 1060. Missing Element in Sorted Array.swift */,
				6A9029272BC29A1E00912B4B /* 33. Search in Rotated Sorted Array.swift */,
				6A3ED4572BC69F7700F39DEC /* 162. Find Peak Element.swift */,
				6ACD06542BCA6DD900C557DB /* 153. Find Minimum in Rotated Sorted Array.swift */,
				6A5AEB912BCCD092009A7181 /* 658. Find K Closest Elements.swift */,
				6AB5CCC92BD00AC50069FDD6 /* 702. Search in a Sorted Array of Unknown Size.swift */,
				6AB5CCCB2BD0BD0E0069FDD6 /* 50. Pow(x, n).swift */,
			);
			path = Medium;
			sourceTree = "<group>";
		};
		6A4D8CB52B9DCC320009B0B6 /* Easy */ = {
			isa = PBXGroup;
			children = (
				33EAEC252C7ED40D00474220 /* Stack */,
				330835AB2C67580E002407BD /* TwoPointer */,
				6AFF727E2BEA7DD600320B51 /* HashMap */,
				6A65A2852BE7DA7700EAC365 /* Set */,
				6A4D8CAD2B9C48240009B0B6 /* TwoSum.swift */,
				6A4D8CAF2B9DB27A0009B0B6 /* 2540. Minimum Common Value.swift */,
				6A4D8CB12B9DBC230009B0B6 /* 349. Intersection of Two Arrays.swift */,
				6AB7AC482BB97B8B008E8A90 /* 350. Intersection of Two Arrays II.swift */,
				6A4D8CB32B9DCC250009B0B6 /* 35. Search Insert Position.swift */,
				6A4D8CB62B9DDA540009B0B6 /* 704. Binary Search.swift */,
				6A3ADF7E2BA18C2500AB081A /* 2485. Find the Pivot Integer.swift */,
				6AEE72AD2BBBBAE400C497F4 /* 278. First Bad Version .swift */,
				6A9029252BC284D100912B4B /* 69. Sqrt(x).swift */,
				6A9029292BC29A6100912B4B /* 374. Guess Number Higher or Lower.swift */,
				6A48EBD72BE2BBF4004E9026 /* 367. Valid Perfect Square.swift */,
				6A96C58D2BE3B66D0033DA41 /* 744. Find Smallest Letter Greater Than Target.swift */,
			);
			path = Easy;
			sourceTree = "<group>";
		};
		6A65A2852BE7DA7700EAC365 /* Set */ = {
			isa = PBXGroup;
			children = (
				6A65A2832BE7DA6900EAC365 /* 217. Contains Duplicate.swift */,
			);
			path = Set;
			sourceTree = "<group>";
		};
		6ACCF49E2BB2FBE500FD2CEA /* Hard */ = {
			isa = PBXGroup;
			children = (
				6ACCF49F2BB2FC0900FD2CEA /* 41. First Missing Positive.swift */,
			);
			path = Hard;
			sourceTree = "<group>";
		};
		6AF3C3712AF3BD29006B547B = {
			isa = PBXGroup;
			children = (
				6AF3C37C2AF3BD29006B547B /* LeetCode */,
				3346E96F2C4A138F00FA6539 /* Repeatition */,
				6AF3C37B2AF3BD29006B547B /* Products */,
			);
			sourceTree = "<group>";
		};
		6AF3C37B2AF3BD29006B547B /* Products */ = {
			isa = PBXGroup;
			children = (
				6AF3C37A2AF3BD29006B547B /* LeetCode */,
			);
			name = Products;
			sourceTree = "<group>";
		};
		6AF3C37C2AF3BD29006B547B /* LeetCode */ = {
			isa = PBXGroup;
			children = (
				6AF3C37D2AF3BD29006B547B /* main.swift */,
				6A4D8CB52B9DCC320009B0B6 /* Easy */,
				6A0945012BAC26F500C12EC0 /* Medium */,
				6ACCF49E2BB2FBE500FD2CEA /* Hard */,
			);
			path = LeetCode;
			sourceTree = "<group>";
		};
		6AFF727E2BEA7DD600320B51 /* HashMap */ = {
			isa = PBXGroup;
			children = (
				6AFF727C2BEA6DC200320B51 /* 242. Valid Anagram.swift */,
			);
			path = HashMap;
			sourceTree = "<group>";
		};
		6AFF727F2BEA871A00320B51 /* HashMap */ = {
			isa = PBXGroup;
			children = (
				33916B712C19420000614728 /* 347. Top K Frequent Elements.swift */,
				6AFF72802BEA872D00320B51 /* 49. Group Anagrams.swift */,
			);
			path = HashMap;
			sourceTree = "<group>";
		};
/* End PBXGroup section */

/* Begin PBXNativeTarget section */
		6AF3C3792AF3BD29006B547B /* LeetCode */ = {
			isa = PBXNativeTarget;
			buildConfigurationList = 6AF3C3812AF3BD29006B547B /* Build configuration list for PBXNativeTarget "LeetCode" */;
			buildPhases = (
				6AF3C3762AF3BD29006B547B /* Sources */,
				6AF3C3772AF3BD29006B547B /* Frameworks */,
				6AF3C3782AF3BD29006B547B /* CopyFiles */,
			);
			buildRules = (
			);
			dependencies = (
			);
			name = LeetCode;
			productName = LeetCode;
			productReference = 6AF3C37A2AF3BD29006B547B /* LeetCode */;
			productType = "com.apple.product-type.tool";
		};
/* End PBXNativeTarget section */

/* Begin PBXProject section */
		6AF3C3722AF3BD29006B547B /* Project object */ = {
			isa = PBXProject;
			attributes = {
				BuildIndependentTargetsInParallel = 1;
				LastSwiftUpdateCheck = 1500;
				LastUpgradeCheck = 1500;
				TargetAttributes = {
					6AF3C3792AF3BD29006B547B = {
						CreatedOnToolsVersion = 15.0;
					};
				};
			};
			buildConfigurationList = 6AF3C3752AF3BD29006B547B /* Build configuration list for PBXProject "LeetCode" */;
			compatibilityVersion = "Xcode 14.0";
			developmentRegion = en;
			hasScannedForEncodings = 0;
			knownRegions = (
				en,
				Base,
			);
			mainGroup = 6AF3C3712AF3BD29006B547B;
			productRefGroup = 6AF3C37B2AF3BD29006B547B /* Products */;
			projectDirPath = "";
			projectRoot = "";
			targets = (
				6AF3C3792AF3BD29006B547B /* LeetCode */,
			);
		};
/* End PBXProject section */

/* Begin PBXSourcesBuildPhase section */
		6AF3C3762AF3BD29006B547B /* Sources */ = {
			isa = PBXSourcesBuildPhase;
			buildActionMask = 2147483647;
			files = (
				6A53DF302BBE4D000002D782 /* 1060. Missing Element in Sorted Array.swift in Sources */,
				6A4D8CB42B9DCC250009B0B6 /* 35. Search Insert Position.swift in Sources */,
				6A0945052BAC2F9600C12EC0 /* 167. Two Sum II - Input Array Is Sorted.swift in Sources */,
				33EAEC272C7ED41300474220 /* 20. Valid Parentheses.swift in Sources */,
				6A300E452BB3BEA00027F6A8 /* 713. Subarray Product Less Than K.swift in Sources */,
				33D8444C2C830EE60057CA85 /* 22. Generate Parentheses.swift in Sources */,
				6A4D8CAE2B9C48240009B0B6 /* TwoSum.swift in Sources */,
				33AF7FDC2C758EC200B74CAA /* 15. 3Sum Repeat.swift in Sources */,
				6AFF72812BEA872D00320B51 /* 49. Group Anagrams.swift in Sources */,
				6AF3C37E2AF3BD29006B547B /* main.swift in Sources */,
				33A3CC5A2C1BE43F00FCB4FA /* 238. Product of Array Except Self.swift in Sources */,
				6A09450F2BB040DF00C12EC0 /* 287. Find the Duplicate Number.swift in Sources */,
				33A3CC5F2C1EECF500FCB4FA /* 128. Longest Consecutive Sequence.swift in Sources */,
				3342BC2A2C5DF89000EE7F5B /* 35. Search Insert Position Repeat.swift in Sources */,
				3342BC322C60E30800EE7F5B /* 49. Group Anagrams Repeat.swift in Sources */,
				33BC53532C8A94660020809D /* 17. Letter Combinations of a Phone Number.swift in Sources */,
				33916B722C19420000614728 /* 347. Top K Frequent Elements.swift in Sources */,
				6AB5CCCA2BD00AC50069FDD6 /* 702. Search in a Sorted Array of Unknown Size.swift in Sources */,
				6AFCBB1E2BBD9C26004AC7AA /* 852. Peak Index in a Mountain Array.swift in Sources */,
				3342BC342C631A1B00EE7F5B /* 125. Valid Palindrome.swift in Sources */,
				6ACD06552BCA6DD900C557DB /* 153. Find Minimum in Rotated Sorted Array.swift in Sources */,
				339525452C4BC30F00D36650 /* 167. Two Sum II - Input Array Is Sorted Repeat.swift in Sources */,
				6A4D8CB72B9DDA540009B0B6 /* 704. Binary Search.swift in Sources */,
				6AFCBB1C2BBC4D95004AC7AA /* 34. Find First and Last Position of Element in Sorted Array.swift in Sources */,
				6A09450D2BAD819D00C12EC0 /* 259. 3Sum Smaller.swift in Sources */,
				6A0945092BACAD2E00C12EC0 /* 16. 3Sum Closest.swift in Sources */,
				339525472C4CDDBB00D36650 /* 16. 3Sum Closest Repeat.swift in Sources */,
				330835AD2C675834002407BD /* 680. Valid Palindrome II.swift in Sources */,
				6A9029282BC29A1E00912B4B /* 33. Search in Rotated Sorted Array.swift in Sources */,
				6AFF727D2BEA6DC200320B51 /* 242. Valid Anagram.swift in Sources */,
				6A90292A2BC29A6100912B4B /* 374. Guess Number Higher or Lower.swift in Sources */,
				6A4D8CB22B9DBC230009B0B6 /* 349. Intersection of Two Arrays.swift in Sources */,
				3346E9712C4A13BC00FA6539 /* 238. Product of Array Except Self Repeat.swift in Sources */,
				6A5AEB922BCCD092009A7181 /* 658. Find K Closest Elements.swift in Sources */,
				6AB7AC492BB97B8B008E8A90 /* 350. Intersection of Two Arrays II.swift in Sources */,
				6A96C58E2BE3B66D0033DA41 /* 744. Find Smallest Letter Greater Than Target.swift in Sources */,
				339F82F02C80151900BF6196 /* 155. Min Stack.swift in Sources */,
				3346E9742C4A6CEE00FA6539 /* 128. Longest Consecutive Sequence Repeat.swift in Sources */,
				6A65A2842BE7DA6900EAC365 /* 217. Contains Duplicate.swift in Sources */,
				6ACCF4A02BB2FC0900FD2CEA /* 41. First Missing Positive.swift in Sources */,
				6AEE72AE2BBBBAE400C497F4 /* 278. First Bad Version .swift in Sources */,
				6A9029262BC284D100912B4B /* 69. Sqrt(x).swift in Sources */,
				6A3ED4582BC69F7700F39DEC /* 162. Find Peak Element.swift in Sources */,
				6A0945032BAC270D00C12EC0 /* 15. 3Sum.swift in Sources */,
				6A4D8CB02B9DB27A0009B0B6 /* 2540. Minimum Common Value.swift in Sources */,
				6AB5CCCC2BD0BD0E0069FDD6 /* 50. Pow(x, n).swift in Sources */,
				6A48EBD82BE2BBF4004E9026 /* 367. Valid Perfect Square.swift in Sources */,
				6A3ADF7F2BA18C2500AB081A /* 2485. Find the Pivot Integer.swift in Sources */,
			);
			runOnlyForDeploymentPostprocessing = 0;
		};
/* End PBXSourcesBuildPhase section */

/* Begin XCBuildConfiguration section */
		6AF3C37F2AF3BD29006B547B /* Debug */ = {
			isa = XCBuildConfiguration;
			buildSettings = {
				ALWAYS_SEARCH_USER_PATHS = NO;
				ASSETCATALOG_COMPILER_GENERATE_SWIFT_ASSET_SYMBOL_EXTENSIONS = YES;
				CLANG_ANALYZER_NONNULL = YES;
				CLANG_ANALYZER_NUMBER_OBJECT_CONVERSION = YES_AGGRESSIVE;
				CLANG_CXX_LANGUAGE_STANDARD = "gnu++20";
				CLANG_ENABLE_MODULES = YES;
				CLANG_ENABLE_OBJC_ARC = YES;
				CLANG_ENABLE_OBJC_WEAK = YES;
				CLANG_WARN_BLOCK_CAPTURE_AUTORELEASING = YES;
				CLANG_WARN_BOOL_CONVERSION = YES;
				CLANG_WARN_COMMA = YES;
				CLANG_WARN_CONSTANT_CONVERSION = YES;
				CLANG_WARN_DEPRECATED_OBJC_IMPLEMENTATIONS = YES;
				CLANG_WARN_DIRECT_OBJC_ISA_USAGE = YES_ERROR;
				CLANG_WARN_DOCUMENTATION_COMMENTS = YES;
				CLANG_WARN_EMPTY_BODY = YES;
				CLANG_WARN_ENUM_CONVERSION = YES;
				CLANG_WARN_INFINITE_RECURSION = YES;
				CLANG_WARN_INT_CONVERSION = YES;
				CLANG_WARN_NON_LITERAL_NULL_CONVERSION = YES;
				CLANG_WARN_OBJC_IMPLICIT_RETAIN_SELF = YES;
				CLANG_WARN_OBJC_LITERAL_CONVERSION = YES;
				CLANG_WARN_OBJC_ROOT_CLASS = YES_ERROR;
				CLANG_WARN_QUOTED_INCLUDE_IN_FRAMEWORK_HEADER = YES;
				CLANG_WARN_RANGE_LOOP_ANALYSIS = YES;
				CLANG_WARN_STRICT_PROTOTYPES = YES;
				CLANG_WARN_SUSPICIOUS_MOVE = YES;
				CLANG_WARN_UNGUARDED_AVAILABILITY = YES_AGGRESSIVE;
				CLANG_WARN_UNREACHABLE_CODE = YES;
				CLANG_WARN__DUPLICATE_METHOD_MATCH = YES;
				COPY_PHASE_STRIP = NO;
				DEBUG_INFORMATION_FORMAT = dwarf;
				ENABLE_STRICT_OBJC_MSGSEND = YES;
				ENABLE_TESTABILITY = YES;
				ENABLE_USER_SCRIPT_SANDBOXING = YES;
				GCC_C_LANGUAGE_STANDARD = gnu17;
				GCC_DYNAMIC_NO_PIC = NO;
				GCC_NO_COMMON_BLOCKS = YES;
				GCC_OPTIMIZATION_LEVEL = 0;
				GCC_PREPROCESSOR_DEFINITIONS = (
					"DEBUG=1",
					"$(inherited)",
				);
				GCC_WARN_64_TO_32_BIT_CONVERSION = YES;
				GCC_WARN_ABOUT_RETURN_TYPE = YES_ERROR;
				GCC_WARN_UNDECLARED_SELECTOR = YES;
				GCC_WARN_UNINITIALIZED_AUTOS = YES_AGGRESSIVE;
				GCC_WARN_UNUSED_FUNCTION = YES;
				GCC_WARN_UNUSED_VARIABLE = YES;
				LOCALIZATION_PREFERS_STRING_CATALOGS = YES;
				MACOSX_DEPLOYMENT_TARGET = 13.6;
				MTL_ENABLE_DEBUG_INFO = INCLUDE_SOURCE;
				MTL_FAST_MATH = YES;
				ONLY_ACTIVE_ARCH = YES;
				SDKROOT = macosx;
				SWIFT_ACTIVE_COMPILATION_CONDITIONS = "DEBUG $(inherited)";
				SWIFT_OPTIMIZATION_LEVEL = "-Onone";
			};
			name = Debug;
		};
		6AF3C3802AF3BD29006B547B /* Release */ = {
			isa = XCBuildConfiguration;
			buildSettings = {
				ALWAYS_SEARCH_USER_PATHS = NO;
				ASSETCATALOG_COMPILER_GENERATE_SWIFT_ASSET_SYMBOL_EXTENSIONS = YES;
				CLANG_ANALYZER_NONNULL = YES;
				CLANG_ANALYZER_NUMBER_OBJECT_CONVERSION = YES_AGGRESSIVE;
				CLANG_CXX_LANGUAGE_STANDARD = "gnu++20";
				CLANG_ENABLE_MODULES = YES;
				CLANG_ENABLE_OBJC_ARC = YES;
				CLANG_ENABLE_OBJC_WEAK = YES;
				CLANG_WARN_BLOCK_CAPTURE_AUTORELEASING = YES;
				CLANG_WARN_BOOL_CONVERSION = YES;
				CLANG_WARN_COMMA = YES;
				CLANG_WARN_CONSTANT_CONVERSION = YES;
				CLANG_WARN_DEPRECATED_OBJC_IMPLEMENTATIONS = YES;
				CLANG_WARN_DIRECT_OBJC_ISA_USAGE = YES_ERROR;
				CLANG_WARN_DOCUMENTATION_COMMENTS = YES;
				CLANG_WARN_EMPTY_BODY = YES;
				CLANG_WARN_ENUM_CONVERSION = YES;
				CLANG_WARN_INFINITE_RECURSION = YES;
				CLANG_WARN_INT_CONVERSION = YES;
				CLANG_WARN_NON_LITERAL_NULL_CONVERSION = YES;
				CLANG_WARN_OBJC_IMPLICIT_RETAIN_SELF = YES;
				CLANG_WARN_OBJC_LITERAL_CONVERSION = YES;
				CLANG_WARN_OBJC_ROOT_CLASS = YES_ERROR;
				CLANG_WARN_QUOTED_INCLUDE_IN_FRAMEWORK_HEADER = YES;
				CLANG_WARN_RANGE_LOOP_ANALYSIS = YES;
				CLANG_WARN_STRICT_PROTOTYPES = YES;
				CLANG_WARN_SUSPICIOUS_MOVE = YES;
				CLANG_WARN_UNGUARDED_AVAILABILITY = YES_AGGRESSIVE;
				CLANG_WARN_UNREACHABLE_CODE = YES;
				CLANG_WARN__DUPLICATE_METHOD_MATCH = YES;
				COPY_PHASE_STRIP = NO;
				DEBUG_INFORMATION_FORMAT = "dwarf-with-dsym";
				ENABLE_NS_ASSERTIONS = NO;
				ENABLE_STRICT_OBJC_MSGSEND = YES;
				ENABLE_USER_SCRIPT_SANDBOXING = YES;
				GCC_C_LANGUAGE_STANDARD = gnu17;
				GCC_NO_COMMON_BLOCKS = YES;
				GCC_WARN_64_TO_32_BIT_CONVERSION = YES;
				GCC_WARN_ABOUT_RETURN_TYPE = YES_ERROR;
				GCC_WARN_UNDECLARED_SELECTOR = YES;
				GCC_WARN_UNINITIALIZED_AUTOS = YES_AGGRESSIVE;
				GCC_WARN_UNUSED_FUNCTION = YES;
				GCC_WARN_UNUSED_VARIABLE = YES;
				LOCALIZATION_PREFERS_STRING_CATALOGS = YES;
				MACOSX_DEPLOYMENT_TARGET = 13.6;
				MTL_ENABLE_DEBUG_INFO = NO;
				MTL_FAST_MATH = YES;
				SDKROOT = macosx;
				SWIFT_COMPILATION_MODE = wholemodule;
			};
			name = Release;
		};
		6AF3C3822AF3BD29006B547B /* Debug */ = {
			isa = XCBuildConfiguration;
			buildSettings = {
				CODE_SIGN_STYLE = Automatic;
				DEVELOPMENT_TEAM = R4YVF8268F;
				ENABLE_HARDENED_RUNTIME = YES;
				PRODUCT_NAME = "$(TARGET_NAME)";
				SWIFT_VERSION = 5.0;
			};
			name = Debug;
		};
		6AF3C3832AF3BD29006B547B /* Release */ = {
			isa = XCBuildConfiguration;
			buildSettings = {
				CODE_SIGN_STYLE = Automatic;
				DEVELOPMENT_TEAM = R4YVF8268F;
				ENABLE_HARDENED_RUNTIME = YES;
				PRODUCT_NAME = "$(TARGET_NAME)";
				SWIFT_VERSION = 5.0;
			};
			name = Release;
		};
/* End XCBuildConfiguration section */

/* Begin XCConfigurationList section */
		6AF3C3752AF3BD29006B547B /* Build configuration list for PBXProject "LeetCode" */ = {
			isa = XCConfigurationList;
			buildConfigurations = (
				6AF3C37F2AF3BD29006B547B /* Debug */,
				6AF3C3802AF3BD29006B547B /* Release */,
			);
			defaultConfigurationIsVisible = 0;
			defaultConfigurationName = Release;
		};
		6AF3C3812AF3BD29006B547B /* Build configuration list for PBXNativeTarget "LeetCode" */ = {
			isa = XCConfigurationList;
			buildConfigurations = (
				6AF3C3822AF3BD29006B547B /* Debug */,
				6AF3C3832AF3BD29006B547B /* Release */,
			);
			defaultConfigurationIsVisible = 0;
			defaultConfigurationName = Release;
		};
/* End XCConfigurationList section */
	};
	rootObject = 6AF3C3722AF3BD29006B547B /* Project object */;
}
